
Microsoft Visual Studio Solution File, Format Version 12.00
# Visual Studio Version 17
VisualStudioVersion = 17.5.002.0
MinimumVisualStudioVersion = 10.0.40219.1
Project("{9A19103F-16F7-4668-BE54-9A1E7A4F7556}") = "PCRNG_VP", "PCRNG_VP.csproj", "{B404E60A-7FA8-4F57-9403-AC3B6C04A18E}"
EndProject
Global
	GlobalSection(SolutionConfigurationPlatforms) = preSolution
		Debug|Any CPU = Debug|Any CPU
		Release|Any CPU = Release|Any CPU
	EndGlobalSection
	GlobalSection(ProjectConfigurationPlatforms) = postSolution
		{B404E60A-7FA8-4F57-9403-AC3B6C04A18E}.Debug|Any CPU.ActiveCfg = Debug|Any CPU
		{B404E60A-7FA8-4F57-9403-AC3B6C04A18E}.Debug|Any CPU.Build.0 = Debug|Any CPU
		{B404E60A-7FA8-4F57-9403-AC3B6C04A18E}.Release|Any CPU.ActiveCfg = Release|Any CPU
		{B404E60A-7FA8-4F57-9403-AC3B6C04A18E}.Release|Any CPU.Build.0 = Release|Any CPU
	EndGlobalSection
	GlobalSection(SolutionProperties) = preSolution
		HideSolutionNode = FALSE
	EndGlobalSection
	GlobalSection(ExtensibilityGlobals) = postSolution
		SolutionGuid = {41782372-C3C0-4F4A-8CC0-068ABD1E774F}
	EndGlobalSection
EndGlobal
